# THIS IS AN AUTOGENERATED FILE. DO NOT EDIT THIS FILE DIRECTLY.
# yarn lockfile v1


debug@^4.1.1:
  version "4.3.7"
  resolved "https://registry.yarnpkg.com/debug/-/debug-4.3.7.tgz#87945b4151a011d76d95a198d7111c865c360a52"
  integrity sha512-Er2nc/H7RrMXZBFCEim6TCmMk02Z8vLC2Rbi1KEBggpo0fS6l0S1nnapwmIi3yW/+GOJap1Krg4w0Hg80oCqgQ==
  dependencies:
    ms "^2.1.3"

globrex@^0.1.2:
  version "0.1.2"
  resolved "https://registry.yarnpkg.com/globrex/-/globrex-0.1.2.tgz#dd5d9ec826232730cd6793a5e33a9302985e6098"
  integrity sha512-uHJgbwAMwNFf5mLst7IWLNg14x1CkeqglJb/K3doi4dw6q2IvAAmM/Y81kevy83wP+Sst+nutFTYOGg3d1lsxg==

ms@^2.1.3:
  version "2.1.3"
  resolved "https://registry.yarnpkg.com/ms/-/ms-2.1.3.tgz#574c8138ce1d2b5861f0b44579dbadd60c6615b2"
  integrity sha512-6FlzubTLZG3J2a/NVCAleEhjzq5oxgHyaCU9yYXvcLsvoVaHJq/s5xXI6/XXP6tz7R9xAOtHnSO/tXtF3WRTlA==

tsconfck@^3.0.3:
  version "3.1.3"
  resolved "https://registry.yarnpkg.com/tsconfck/-/tsconfck-3.1.3.tgz#a8202f51dab684c426314796cdb0bbd0fe0cdf80"
  integrity sha512-ulNZP1SVpRDesxeMLON/LtWM8HIgAJEIVpVVhBM6gsmvQ8+Rh+ZG7FWGvHh7Ah3pRABwVJWklWCr/BTZSv0xnQ==

vite-tsconfig-paths@^5.0.1:
  version "5.0.1"
  resolved "https://registry.yarnpkg.com/vite-tsconfig-paths/-/vite-tsconfig-paths-5.0.1.tgz#c9387a29c32fd586e4c7f4e2b2da1f0b5c9a7403"
  integrity sha512-yqwv+LstU7NwPeNqajZzLEBVpUFU6Dugtb2P84FXuvaoYA+/70l9MHE+GYfYAycVyPSDYZ7mjOFuYBRqlEpTig==
  dependencies:
    debug "^4.1.1"
    globrex "^0.1.2"
    tsconfck "^3.0.3"
